<?xml version="1.0" encoding="utf-8"?>
<Project ToolsVersion="4.0" xmlns="http://schemas.microsoft.com/developer/msbuild/2003">
  <ItemGroup>
    <Filter Include="Source Files">
      <UniqueIdentifier>{4FC737F1-C7A5-4376-A066-2A32D752A2FF}</UniqueIdentifier>
      <Extensions>cpp;c;cc;cxx;c++;cppm;ixx;def;odl;idl;hpj;bat;asm;asmx</Extensions>
    </Filter>
    <Filter Include="Header Files">
      <UniqueIdentifier>{93995380-89BD-4b04-88EB-625FBE52EBFB}</UniqueIdentifier>
      <Extensions>h;hh;hpp;hxx;h++;hm;inl;inc;ipp;xsd</Extensions>
    </Filter>
    <Filter Include="Resource Files">
      <UniqueIdentifier>{67DA6AB6-F800-4c08-8B7A-83BB121AAD01}</UniqueIdentifier>
      <Extensions>rc;ico;cur;bmp;dlg;rc2;rct;bin;rgs;gif;jpg;jpeg;jpe;resx;tiff;tif;png;wav;mfcribbon-ms</Extensions>
    </Filter>
    <Filter Include="Components">
      <UniqueIdentifier>{15bb60f7-c1bf-4863-9fba-b9ed5961aa65}</UniqueIdentifier>
    </Filter>
    <Filter Include="Observers">
      <UniqueIdentifier>{28ace387-314b-4929-898f-66071f270b9f}</UniqueIdentifier>
    </Filter>
    <Filter Include="FileReading">
      <UniqueIdentifier>{e8035d6f-6bf5-46b6-8c14-f035be8ed29a}</UniqueIdentifier>
    </Filter>
    <Filter Include="Scenes">
      <UniqueIdentifier>{d13ec418-ff64-46fd-a757-74e37071c128}</UniqueIdentifier>
    </Filter>
  </ItemGroup>
  <ItemGroup>
    <ClCompile Include="Main.cpp">
      <Filter>Source Files</Filter>
    </ClCompile>
    <ClCompile Include="BurgerTimePCH.cpp">
      <Filter>Source Files</Filter>
    </ClCompile>
    <ClCompile Include="BurgerTimeGame.cpp">
      <Filter>Source Files</Filter>
    </ClCompile>
    <ClCompile Include="PointsComponent.cpp">
      <Filter>Components</Filter>
    </ClCompile>
    <ClCompile Include="PeterPeperComponent.cpp">
      <Filter>Components</Filter>
    </ClCompile>
    <ClCompile Include="PlayerHealthDisplayComponent.cpp">
      <Filter>Observers</Filter>
    </ClCompile>
    <ClCompile Include="PlayerObserver.cpp">
      <Filter>Observers</Filter>
    </ClCompile>
    <ClCompile Include="PointsDisplayComponent.cpp">
      <Filter>Observers</Filter>
    </ClCompile>
    <ClCompile Include="PointsObserver.cpp">
      <Filter>Observers</Filter>
    </ClCompile>
    <ClCompile Include="LevelLoader.cpp">
      <Filter>FileReading</Filter>
    </ClCompile>
    <ClCompile Include="BurgerPartComponent.cpp">
      <Filter>Components</Filter>
    </ClCompile>
    <ClCompile Include="BurgerComponent.cpp">
      <Filter>Components</Filter>
    </ClCompile>
    <ClCompile Include="PeperComponent.cpp">
      <Filter>Components</Filter>
    </ClCompile>
    <ClCompile Include="EnemyComponent.cpp">
      <Filter>Components</Filter>
    </ClCompile>
    <ClCompile Include="GameScene.cpp">
      <Filter>Scenes</Filter>
    </ClCompile>
  </ItemGroup>
  <ItemGroup>
    <ClInclude Include="BurgerTimePCH.h">
      <Filter>Header Files</Filter>
    </ClInclude>
    <ClInclude Include="BurgerTimeGame.h">
      <Filter>Header Files</Filter>
    </ClInclude>
    <ClInclude Include="PeterPeperComponent.h">
      <Filter>Components</Filter>
    </ClInclude>
    <ClInclude Include="PointsComponent.h">
      <Filter>Components</Filter>
    </ClInclude>
    <ClInclude Include="PointsObserver.h">
      <Filter>Observers</Filter>
    </ClInclude>
    <ClInclude Include="PointsDisplayComponent.h">
      <Filter>Observers</Filter>
    </ClInclude>
    <ClInclude Include="PlayerObserver.h">
      <Filter>Observers</Filter>
    </ClInclude>
    <ClInclude Include="PlayerHealthDisplayComponent.h">
      <Filter>Observers</Filter>
    </ClInclude>
    <ClInclude Include="LevelLoader.h">
      <Filter>FileReading</Filter>
    </ClInclude>
    <ClInclude Include="BurgerPartComponent.h">
      <Filter>Components</Filter>
    </ClInclude>
    <ClInclude Include="BurgerComponent.h">
      <Filter>Components</Filter>
    </ClInclude>
    <ClInclude Include="PeperComponent.h">
      <Filter>Components</Filter>
    </ClInclude>
    <ClInclude Include="EnemyComponent.h">
      <Filter>Components</Filter>
    </ClInclude>
    <ClInclude Include="GameScene.h">
      <Filter>Scenes</Filter>
    </ClInclude>
  </ItemGroup>
</Project>